<?xml version="1.0" encoding="UTF-8" standalone="yes" ?>
<CodeBlocks_project_file>
	<FileVersion major="1" minor="6" />
	<Project>
		<Option title="bass_cpp" />
		<Option pch_mode="2" />
		<Option compiler="gcc" />
		<Build>
			<Target title="Windows">
				<Option platforms="Windows;" />
				<Option output="lib\win\libbass_cpp" prefix_auto="1" extension_auto="1" />
				<Option working_dir="" />
				<Option object_output="obj\Release\" />
				<Option type="2" />
				<Option compiler="gcc" />
				<Option createDefFile="1" />
				<Compiler>
					<Add option="-Wall" />
					<Add option="-O2" />
				</Compiler>
				<Linker>
					<Add option="-s" />
				</Linker>
			</Target>
			<Target title="Mac">
				<Option platforms="Mac;" />
				<Option output="lib/mac/libbass_cpp" prefix_auto="1" extension_auto="1" />
				<Option working_dir="" />
				<Option object_output="obj/Release/" />
				<Option type="2" />
				<Option compiler="gcc" />
				<Option createDefFile="1" />
				<Compiler>
					<Add option="-Wall" />
					<Add option="-O2" />
				</Compiler>
				<Linker>
					<Add option="-s" />
				</Linker>
			</Target>
		</Build>
		<Compiler>
			<Add directory="external\BASS_2.4\c" />
			<Add directory="include" />
		</Compiler>
		<Unit filename="bass_channel.cpp" />
		<Unit filename="bass_exception.cpp" />
		<Unit filename="bass_plugin.cpp" />
		<Unit filename="bass_sample.cpp" />
		<Unit filename="bass_stream.cpp" />
		<Unit filename="bass_system.cpp" />
		<Unit filename="include\bass.hpp" />
		<Unit filename="include\bass_channel.h" />
		<Unit filename="include\bass_exception.h" />
		<Unit filename="include\bass_plugin.h" />
		<Unit filename="include\bass_sample.h" />
		<Unit filename="include\bass_stream.h" />
		<Unit filename="include\bass_system.h" />
		<Unit filename="include\bass_types.h" />
		<Extensions>
			<code_completion />
			<debugger />
		</Extensions>
	</Project>
</CodeBlocks_project_file>
